GEM
  remote: https://rubygems.org/
  specs:
    aws-eventstream (1.1.0)
    aws-partitions (1.371.0)
    aws-sdk-core (3.107.0)
      aws-eventstream (~> 1, >= 1.0.2)
      aws-partitions (~> 1, >= 1.239.0)
      aws-sigv4 (~> 1.1)
      jmespath (~> 1.0)
    aws-sdk-ec2 (1.195.0)
      aws-sdk-core (~> 3, >= 3.99.0)
      aws-sigv4 (~> 1.1)
    aws-sigv4 (1.2.2)
      aws-eventstream (~> 1, >= 1.0.2)
    base64 (0.3.0)
    faraday (2.8.1)
      base64
      faraday-net_http (>= 2.0, < 3.1)
      ruby2_keywords (>= 0.0.4)
    faraday-mashify (1.0.2)
      faraday (~> 2.0)
      hashie
    faraday-multipart (1.2.0)
      multipart-post (~> 2.0)
    faraday-net_http (3.0.2)
    geocoder (1.6.3)
    gli (2.22.2)
      ostruct
    hashie (5.1.0)
      logger
    jmespath (1.4.0)
    logger (1.7.0)
    multipart-post (2.4.1)
    ostruct (0.6.3)
    ruby2_keywords (0.0.5)
    slack-ruby-client (3.1.0)
      faraday (>= 2.0.1)
      faraday-mashify
      faraday-multipart
      gli
      hashie
      logger

PLATFORMS
  ruby

DEPENDENCIES
  aws-sdk-ec2
  geocoder
  slack-ruby-client (>= 1.1.0)

RUBY VERSION
   ruby 2.7.1p83

BUNDLED WITH
   2.1.4
